
Microsoft Visual Studio Solution File, Format Version 12.00
# Visual Studio 2013
VisualStudioVersion = 12.0.31101.0
MinimumVisualStudioVersion = 10.0.40219.1
Project("{8BC9CEB8-8B4A-11D0-8D11-00A0C91BC942}") = "Chapter3", "Chapter3\Chapter3.vcxproj", "{828740E8-F36F-4D5A-899E-0EFE8EFEB4BB}"
EndProject
Project("{FAE04EC0-301F-11D3-BF4B-00C04F79EFBC}") = "Chapter3CSharp", "Chapter3CSharp\Chapter3CSharp.csproj", "{2F230FD8-4745-4D12-8E40-A9A99804BABB}"
EndProject
Global
	GlobalSection(SolutionConfigurationPlatforms) = preSolution
		Debug|Any CPU = Debug|Any CPU
		Debug|Mixed Platforms = Debug|Mixed Platforms
		Debug|Win32 = Debug|Win32
		Release|Any CPU = Release|Any CPU
		Release|Mixed Platforms = Release|Mixed Platforms
		Release|Win32 = Release|Win32
	EndGlobalSection
	GlobalSection(ProjectConfigurationPlatforms) = postSolution
		{828740E8-F36F-4D5A-899E-0EFE8EFEB4BB}.Debug|Any CPU.ActiveCfg = Debug|Win32
		{828740E8-F36F-4D5A-899E-0EFE8EFEB4BB}.Debug|Mixed Platforms.ActiveCfg = Debug|Win32
		{828740E8-F36F-4D5A-899E-0EFE8EFEB4BB}.Debug|Mixed Platforms.Build.0 = Debug|Win32
		{828740E8-F36F-4D5A-899E-0EFE8EFEB4BB}.Debug|Win32.ActiveCfg = Debug|Win32
		{828740E8-F36F-4D5A-899E-0EFE8EFEB4BB}.Debug|Win32.Build.0 = Debug|Win32
		{828740E8-F36F-4D5A-899E-0EFE8EFEB4BB}.Release|Any CPU.ActiveCfg = Release|Win32
		{828740E8-F36F-4D5A-899E-0EFE8EFEB4BB}.Release|Mixed Platforms.ActiveCfg = Release|Win32
		{828740E8-F36F-4D5A-899E-0EFE8EFEB4BB}.Release|Mixed Platforms.Build.0 = Release|Win32
		{828740E8-F36F-4D5A-899E-0EFE8EFEB4BB}.Release|Win32.ActiveCfg = Release|Win32
		{828740E8-F36F-4D5A-899E-0EFE8EFEB4BB}.Release|Win32.Build.0 = Release|Win32
		{2F230FD8-4745-4D12-8E40-A9A99804BABB}.Debug|Any CPU.ActiveCfg = Debug|Any CPU
		{2F230FD8-4745-4D12-8E40-A9A99804BABB}.Debug|Any CPU.Build.0 = Debug|Any CPU
		{2F230FD8-4745-4D12-8E40-A9A99804BABB}.Debug|Mixed Platforms.ActiveCfg = Debug|Any CPU
		{2F230FD8-4745-4D12-8E40-A9A99804BABB}.Debug|Mixed Platforms.Build.0 = Debug|Any CPU
		{2F230FD8-4745-4D12-8E40-A9A99804BABB}.Debug|Win32.ActiveCfg = Debug|Any CPU
		{2F230FD8-4745-4D12-8E40-A9A99804BABB}.Release|Any CPU.ActiveCfg = Release|Any CPU
		{2F230FD8-4745-4D12-8E40-A9A99804BABB}.Release|Any CPU.Build.0 = Release|Any CPU
		{2F230FD8-4745-4D12-8E40-A9A99804BABB}.Release|Mixed Platforms.ActiveCfg = Release|Any CPU
		{2F230FD8-4745-4D12-8E40-A9A99804BABB}.Release|Mixed Platforms.Build.0 = Release|Any CPU
		{2F230FD8-4745-4D12-8E40-A9A99804BABB}.Release|Win32.ActiveCfg = Release|Any CPU
	EndGlobalSection
	GlobalSection(SolutionProperties) = preSolution
		HideSolutionNode = FALSE
	EndGlobalSection
EndGlobal
